// !$*UTF8*$!
{
	archiveVersion = 1;
	classes = {
	};
	objectVersion = 77;
	objects = {

/* Begin PBXBuildFile section */
		82B3C63F2E27E8FF009FA651 /* SharedModels.swift in Sources */ = {isa = PBXBuildFile; fileRef = 82B3C63E2E27E8F5009FA651 /* SharedModels.swift */; };
		82BDF1672E2A58980037E2E6 /* client_899362685715-eha0qo2dsre64sbiapvhrbomp1ep05e5.apps.googleusercontent.com.plist in Resources */ = {isa = PBXBuildFile; fileRef = 82BDF1662E2A58980037E2E6 /* client_899362685715-eha0qo2dsre64sbiapvhrbomp1ep05e5.apps.googleusercontent.com.plist */; };
		82BDF1682E2A58980037E2E6 /* client_899362685715-eha0qo2dsre64sbiapvhrbomp1ep05e5.apps.googleusercontent.com.plist in Resources */ = {isa = PBXBuildFile; fileRef = 82BDF1662E2A58980037E2E6 /* client_899362685715-eha0qo2dsre64sbiapvhrbomp1ep05e5.apps.googleusercontent.com.plist */; };
		82D5AE142E27F8D100C273E8 /* VoiceAssistant Watch App Watch App.app in Embed Watch Content */ = {isa = PBXBuildFile; fileRef = 82D5ADF42E27F8D000C273E8 /* VoiceAssistant Watch App Watch App.app */; settings = {ATTRIBUTES = (RemoveHeadersOnCopy, ); }; };
		82D5AE262E27FC4800C273E8 /* SharedModels.swift in Sources */ = {isa = PBXBuildFile; fileRef = 82B3C63E2E27E8F5009FA651 /* SharedModels.swift */; };
/* End PBXBuildFile section */

/* Begin PBXContainerItemProxy section */
		82B3C5D42E27BB82009FA651 /* PBXContainerItemProxy */ = {
			isa = PBXContainerItemProxy;
			containerPortal = 82B3C5BE2E27BB81009FA651 /* Project object */;
			proxyType = 1;
			remoteGlobalIDString = 82B3C5C52E27BB81009FA651;
			remoteInfo = VoiceAssistant;
		};
		82B3C5DE2E27BB82009FA651 /* PBXContainerItemProxy */ = {
			isa = PBXContainerItemProxy;
			containerPortal = 82B3C5BE2E27BB81009FA651 /* Project object */;
			proxyType = 1;
			remoteGlobalIDString = 82B3C5C52E27BB81009FA651;
			remoteInfo = VoiceAssistant;
		};
		82D5AE012E27F8D100C273E8 /* PBXContainerItemProxy */ = {
			isa = PBXContainerItemProxy;
			containerPortal = 82B3C5BE2E27BB81009FA651 /* Project object */;
			proxyType = 1;
			remoteGlobalIDString = 82D5ADF32E27F8D000C273E8;
			remoteInfo = "VoiceAssistant Watch App Watch App";
		};
		82D5AE0B2E27F8D100C273E8 /* PBXContainerItemProxy */ = {
			isa = PBXContainerItemProxy;
			containerPortal = 82B3C5BE2E27BB81009FA651 /* Project object */;
			proxyType = 1;
			remoteGlobalIDString = 82D5ADF32E27F8D000C273E8;
			remoteInfo = "VoiceAssistant Watch App Watch App";
		};
		82D5AE122E27F8D100C273E8 /* PBXContainerItemProxy */ = {
			isa = PBXContainerItemProxy;
			containerPortal = 82B3C5BE2E27BB81009FA651 /* Project object */;
			proxyType = 1;
			remoteGlobalIDString = 82D5ADF32E27F8D000C273E8;
			remoteInfo = "VoiceAssistant Watch App Watch App";
		};
/* End PBXContainerItemProxy section */

/* Begin PBXCopyFilesBuildPhase section */
		82D5AE152E27F8D100C273E8 /* Embed Watch Content */ = {
			isa = PBXCopyFilesBuildPhase;
			buildActionMask = 2147483647;
			dstPath = "$(CONTENTS_FOLDER_PATH)/Watch";
			dstSubfolderSpec = 16;
			files = (
				82D5AE142E27F8D100C273E8 /* VoiceAssistant Watch App Watch App.app in Embed Watch Content */,
			);
			name = "Embed Watch Content";
			runOnlyForDeploymentPostprocessing = 0;
		};
/* End PBXCopyFilesBuildPhase section */

/* Begin PBXFileReference section */
		82B3C5C62E27BB81009FA651 /* VoiceAssistant.app */ = {isa = PBXFileReference; explicitFileType = wrapper.application; includeInIndex = 0; path = VoiceAssistant.app; sourceTree = BUILT_PRODUCTS_DIR; };
		82B3C5D32E27BB82009FA651 /* VoiceAssistantTests.xctest */ = {isa = PBXFileReference; explicitFileType = wrapper.cfbundle; includeInIndex = 0; path = VoiceAssistantTests.xctest; sourceTree = BUILT_PRODUCTS_DIR; };
		82B3C5DD2E27BB82009FA651 /* VoiceAssistantUITests.xctest */ = {isa = PBXFileReference; explicitFileType = wrapper.cfbundle; includeInIndex = 0; path = VoiceAssistantUITests.xctest; sourceTree = BUILT_PRODUCTS_DIR; };
		82B3C63E2E27E8F5009FA651 /* SharedModels.swift */ = {isa = PBXFileReference; lastKnownFileType = sourcecode.swift; path = SharedModels.swift; sourceTree = "<group>"; };
		82BDF1662E2A58980037E2E6 /* client_899362685715-eha0qo2dsre64sbiapvhrbomp1ep05e5.apps.googleusercontent.com.plist */ = {isa = PBXFileReference; lastKnownFileType = text.plist.xml; path = "client_899362685715-eha0qo2dsre64sbiapvhrbomp1ep05e5.apps.googleusercontent.com.plist"; sourceTree = "<group>"; };
		82D5ADF42E27F8D000C273E8 /* VoiceAssistant Watch App Watch App.app */ = {isa = PBXFileReference; explicitFileType = wrapper.application; includeInIndex = 0; path = "VoiceAssistant Watch App Watch App.app"; sourceTree = BUILT_PRODUCTS_DIR; };
		82D5AE002E27F8D100C273E8 /* VoiceAssistant Watch App Watch AppTests.xctest */ = {isa = PBXFileReference; explicitFileType = wrapper.cfbundle; includeInIndex = 0; path = "VoiceAssistant Watch App Watch AppTests.xctest"; sourceTree = BUILT_PRODUCTS_DIR; };
		82D5AE0A2E27F8D100C273E8 /* VoiceAssistant Watch App Watch AppUITests.xctest */ = {isa = PBXFileReference; explicitFileType = wrapper.cfbundle; includeInIndex = 0; path = "VoiceAssistant Watch App Watch AppUITests.xctest"; sourceTree = BUILT_PRODUCTS_DIR; };
/* End PBXFileReference section */

/* Begin PBXFileSystemSynchronizedBuildFileExceptionSet section */
		827656502E29729900AF7F3E /* Exceptions for "VoiceAssistant" folder in "VoiceAssistant" target */ = {
			isa = PBXFileSystemSynchronizedBuildFileExceptionSet;
			membershipExceptions = (
				Info.plist,
			);
			target = 82B3C5C52E27BB81009FA651 /* VoiceAssistant */;
		};
		82D5AE252E27FC3E00C273E8 /* Exceptions for "VoiceAssistant" folder in "VoiceAssistant Watch App Watch App" target */ = {
			isa = PBXFileSystemSynchronizedBuildFileExceptionSet;
			membershipExceptions = (
				Constants.swift,
			);
			target = 82D5ADF32E27F8D000C273E8 /* VoiceAssistant Watch App Watch App */;
		};
/* End PBXFileSystemSynchronizedBuildFileExceptionSet section */

/* Begin PBXFileSystemSynchronizedRootGroup section */
		82B3C5C82E27BB81009FA651 /* VoiceAssistant */ = {
			isa = PBXFileSystemSynchronizedRootGroup;
			exceptions = (
				827656502E29729900AF7F3E /* Exceptions for "VoiceAssistant" folder in "VoiceAssistant" target */,
				82D5AE252E27FC3E00C273E8 /* Exceptions for "VoiceAssistant" folder in "VoiceAssistant Watch App Watch App" target */,
			);
			path = VoiceAssistant;
			sourceTree = "<group>";
		};
		82B3C5D62E27BB82009FA651 /* VoiceAssistantTests */ = {
			isa = PBXFileSystemSynchronizedRootGroup;
			path = VoiceAssistantTests;
			sourceTree = "<group>";
		};
		82B3C5E02E27BB82009FA651 /* VoiceAssistantUITests */ = {
			isa = PBXFileSystemSynchronizedRootGroup;
			path = VoiceAssistantUITests;
			sourceTree = "<group>";
		};
		82D5ADF52E27F8D000C273E8 /* VoiceAssistant Watch App Watch App */ = {
			isa = PBXFileSystemSynchronizedRootGroup;
			path = "VoiceAssistant Watch App Watch App";
			sourceTree = "<group>";
		};
		82D5AE032E27F8D100C273E8 /* VoiceAssistant Watch App Watch AppTests */ = {
			isa = PBXFileSystemSynchronizedRootGroup;
			path = "VoiceAssistant Watch App Watch AppTests";
			sourceTree = "<group>";
		};
		82D5AE0D2E27F8D100C273E8 /* VoiceAssistant Watch App Watch AppUITests */ = {
			isa = PBXFileSystemSynchronizedRootGroup;
			path = "VoiceAssistant Watch App Watch AppUITests";
			sourceTree = "<group>";
		};
/* End PBXFileSystemSynchronizedRootGroup section */

/* Begin PBXFrameworksBuildPhase section */
		82B3C5C32E27BB81009FA651 /* Frameworks */ = {
			isa = PBXFrameworksBuildPhase;
			buildActionMask = 2147483647;
			files = (
			);
			runOnlyForDeploymentPostprocessing = 0;
		};
		82B3C5D02E27BB82009FA651 /* Frameworks */ = {
			isa = PBXFrameworksBuildPhase;
			buildActionMask = 2147483647;
			files = (
			);
			runOnlyForDeploymentPostprocessing = 0;
		};
		82B3C5DA2E27BB82009FA651 /* Frameworks */ = {
			isa = PBXFrameworksBuildPhase;
			buildActionMask = 2147483647;
			files = (
			);
			runOnlyForDeploymentPostprocessing = 0;
		};
		82D5ADF12E27F8D000C273E8 /* Frameworks */ = {
			isa = PBXFrameworksBuildPhase;
			buildActionMask = 2147483647;
			files = (
			);
			runOnlyForDeploymentPostprocessing = 0;
		};
		82D5ADFD2E27F8D100C273E8 /* Frameworks */ = {
			isa = PBXFrameworksBuildPhase;
			buildActionMask = 2147483647;
			files = (
			);
			runOnlyForDeploymentPostprocessing = 0;
		};
		82D5AE072E27F8D100C273E8 /* Frameworks */ = {
			isa = PBXFrameworksBuildPhase;
			buildActionMask = 2147483647;
			files = (
			);
			runOnlyForDeploymentPostprocessing = 0;
		};
/* End PBXFrameworksBuildPhase section */

/* Begin PBXGroup section */
		82B3C5BD2E27BB81009FA651 = {
			isa = PBXGroup;
			children = (
				82BDF1662E2A58980037E2E6 /* client_899362685715-eha0qo2dsre64sbiapvhrbomp1ep05e5.apps.googleusercontent.com.plist */,
				82B3C63E2E27E8F5009FA651 /* SharedModels.swift */,
				82B3C5C82E27BB81009FA651 /* VoiceAssistant */,
				82B3C5D62E27BB82009FA651 /* VoiceAssistantTests */,
				82B3C5E02E27BB82009FA651 /* VoiceAssistantUITests */,
				82D5ADF52E27F8D000C273E8 /* VoiceAssistant Watch App Watch App */,
				82D5AE032E27F8D100C273E8 /* VoiceAssistant Watch App Watch AppTests */,
				82D5AE0D2E27F8D100C273E8 /* VoiceAssistant Watch App Watch AppUITests */,
				82B3C5C72E27BB81009FA651 /* Products */,
			);
			sourceTree = "<group>";
		};
		82B3C5C72E27BB81009FA651 /* Products */ = {
			isa = PBXGroup;
			children = (
				82B3C5C62E27BB81009FA651 /* VoiceAssistant.app */,
				82B3C5D32E27BB82009FA651 /* VoiceAssistantTests.xctest */,
				82B3C5DD2E27BB82009FA651 /* VoiceAssistantUITests.xctest */,
				82D5ADF42E27F8D000C273E8 /* VoiceAssistant Watch App Watch App.app */,
				82D5AE002E27F8D100C273E8 /* VoiceAssistant Watch App Watch AppTests.xctest */,
				82D5AE0A2E27F8D100C273E8 /* VoiceAssistant Watch App Watch AppUITests.xctest */,
			);
			name = Products;
			sourceTree = "<group>";
		};
/* End PBXGroup section */

/* Begin PBXNativeTarget section */
		82B3C5C52E27BB81009FA651 /* VoiceAssistant */ = {
			isa = PBXNativeTarget;
			buildConfigurationList = 82B3C5E72E27BB82009FA651 /* Build configuration list for PBXNativeTarget "VoiceAssistant" */;
			buildPhases = (
				82B3C5C22E27BB81009FA651 /* Sources */,
				82B3C5C32E27BB81009FA651 /* Frameworks */,
				82B3C5C42E27BB81009FA651 /* Resources */,
				82D5AE152E27F8D100C273E8 /* Embed Watch Content */,
			);
			buildRules = (
			);
			dependencies = (
				82D5AE132E27F8D100C273E8 /* PBXTargetDependency */,
			);
			fileSystemSynchronizedGroups = (
				82B3C5C82E27BB81009FA651 /* VoiceAssistant */,
			);
			name = VoiceAssistant;
			packageProductDependencies = (
			);
			productName = VoiceAssistant;
			productReference = 82B3C5C62E27BB81009FA651 /* VoiceAssistant.app */;
			productType = "com.apple.product-type.application";
		};
		82B3C5D22E27BB82009FA651 /* VoiceAssistantTests */ = {
			isa = PBXNativeTarget;
			buildConfigurationList = 82B3C5EA2E27BB82009FA651 /* Build configuration list for PBXNativeTarget "VoiceAssistantTests" */;
			buildPhases = (
				82B3C5CF2E27BB82009FA651 /* Sources */,
				82B3C5D02E27BB82009FA651 /* Frameworks */,
				82B3C5D12E27BB82009FA651 /* Resources */,
			);
			buildRules = (
			);
			dependencies = (
				82B3C5D52E27BB82009FA651 /* PBXTargetDependency */,
			);
			fileSystemSynchronizedGroups = (
				82B3C5D62E27BB82009FA651 /* VoiceAssistantTests */,
			);
			name = VoiceAssistantTests;
			packageProductDependencies = (
			);
			productName = VoiceAssistantTests;
			productReference = 82B3C5D32E27BB82009FA651 /* VoiceAssistantTests.xctest */;
			productType = "com.apple.product-type.bundle.unit-test";
		};
		82B3C5DC2E27BB82009FA651 /* VoiceAssistantUITests */ = {
			isa = PBXNativeTarget;
			buildConfigurationList = 82B3C5ED2E27BB82009FA651 /* Build configuration list for PBXNativeTarget "VoiceAssistantUITests" */;
			buildPhases = (
				82B3C5D92E27BB82009FA651 /* Sources */,
				82B3C5DA2E27BB82009FA651 /* Frameworks */,
				82B3C5DB2E27BB82009FA651 /* Resources */,
			);
			buildRules = (
			);
			dependencies = (
				82B3C5DF2E27BB82009FA651 /* PBXTargetDependency */,
			);
			fileSystemSynchronizedGroups = (
				82B3C5E02E27BB82009FA651 /* VoiceAssistantUITests */,
			);
			name = VoiceAssistantUITests;
			packageProductDependencies = (
			);
			productName = VoiceAssistantUITests;
			productReference = 82B3C5DD2E27BB82009FA651 /* VoiceAssistantUITests.xctest */;
			productType = "com.apple.product-type.bundle.ui-testing";
		};
		82D5ADF32E27F8D000C273E8 /* VoiceAssistant Watch App Watch App */ = {
			isa = PBXNativeTarget;
			buildConfigurationList = 82D5AE1C2E27F8D100C273E8 /* Build configuration list for PBXNativeTarget "VoiceAssistant Watch App Watch App" */;
			buildPhases = (
				82D5ADF02E27F8D000C273E8 /* Sources */,
				82D5ADF12E27F8D000C273E8 /* Frameworks */,
				82D5ADF22E27F8D000C273E8 /* Resources */,
			);
			buildRules = (
			);
			dependencies = (
			);
			fileSystemSynchronizedGroups = (
				82D5ADF52E27F8D000C273E8 /* VoiceAssistant Watch App Watch App */,
			);
			name = "VoiceAssistant Watch App Watch App";
			packageProductDependencies = (
			);
			productName = "VoiceAssistant Watch App Watch App";
			productReference = 82D5ADF42E27F8D000C273E8 /* VoiceAssistant Watch App Watch App.app */;
			productType = "com.apple.product-type.application";
		};
		82D5ADFF2E27F8D100C273E8 /* VoiceAssistant Watch App Watch AppTests */ = {
			isa = PBXNativeTarget;
			buildConfigurationList = 82D5AE1D2E27F8D100C273E8 /* Build configuration list for PBXNativeTarget "VoiceAssistant Watch App Watch AppTests" */;
			buildPhases = (
				82D5ADFC2E27F8D100C273E8 /* Sources */,
				82D5ADFD2E27F8D100C273E8 /* Frameworks */,
				82D5ADFE2E27F8D100C273E8 /* Resources */,
			);
			buildRules = (
			);
			dependencies = (
				82D5AE022E27F8D100C273E8 /* PBXTargetDependency */,
			);
			fileSystemSynchronizedGroups = (
				82D5AE032E27F8D100C273E8 /* VoiceAssistant Watch App Watch AppTests */,
			);
			name = "VoiceAssistant Watch App Watch AppTests";
			packageProductDependencies = (
			);
			productName = "VoiceAssistant Watch App Watch AppTests";
			productReference = 82D5AE002E27F8D100C273E8 /* VoiceAssistant Watch App Watch AppTests.xctest */;
			productType = "com.apple.product-type.bundle.unit-test";
		};
		82D5AE092E27F8D100C273E8 /* VoiceAssistant Watch App Watch AppUITests */ = {
			isa = PBXNativeTarget;
			buildConfigurationList = 82D5AE1E2E27F8D100C273E8 /* Build configuration list for PBXNativeTarget "VoiceAssistant Watch App Watch AppUITests" */;
			buildPhases = (
				82D5AE062E27F8D100C273E8 /* Sources */,
				82D5AE072E27F8D100C273E8 /* Frameworks */,
				82D5AE082E27F8D100C273E8 /* Resources */,
			);
			buildRules = (
			);
			dependencies = (
				82D5AE0C2E27F8D100C273E8 /* PBXTargetDependency */,
			);
			fileSystemSynchronizedGroups = (
				82D5AE0D2E27F8D100C273E8 /* VoiceAssistant Watch App Watch AppUITests */,
			);
			name = "VoiceAssistant Watch App Watch AppUITests";
			packageProductDependencies = (
			);
			productName = "VoiceAssistant Watch App Watch AppUITests";
			productReference = 82D5AE0A2E27F8D100C273E8 /* VoiceAssistant Watch App Watch AppUITests.xctest */;
			productType = "com.apple.product-type.bundle.ui-testing";
		};
/* End PBXNativeTarget section */

/* Begin PBXProject section */
		82B3C5BE2E27BB81009FA651 /* Project object */ = {
			isa = PBXProject;
			attributes = {
				BuildIndependentTargetsInParallel = 1;
				LastSwiftUpdateCheck = 1640;
				LastUpgradeCheck = 1640;
				TargetAttributes = {
					82B3C5C52E27BB81009FA651 = {
						CreatedOnToolsVersion = 16.4;
					};
					82B3C5D22E27BB82009FA651 = {
						CreatedOnToolsVersion = 16.4;
						TestTargetID = 82B3C5C52E27BB81009FA651;
					};
					82B3C5DC2E27BB82009FA651 = {
						CreatedOnToolsVersion = 16.4;
						TestTargetID = 82B3C5C52E27BB81009FA651;
					};
					82D5ADF32E27F8D000C273E8 = {
						CreatedOnToolsVersion = 16.4;
					};
					82D5ADFF2E27F8D100C273E8 = {
						CreatedOnToolsVersion = 16.4;
						TestTargetID = 82D5ADF32E27F8D000C273E8;
					};
					82D5AE092E27F8D100C273E8 = {
						CreatedOnToolsVersion = 16.4;
						TestTargetID = 82D5ADF32E27F8D000C273E8;
					};
				};
			};
			buildConfigurationList = 82B3C5C12E27BB81009FA651 /* Build configuration list for PBXProject "VoiceAssistant" */;
			developmentRegion = en;
			hasScannedForEncodings = 0;
			knownRegions = (
				en,
				Base,
			);
			mainGroup = 82B3C5BD2E27BB81009FA651;
			minimizedProjectReferenceProxies = 1;
			preferredProjectObjectVersion = 77;
			productRefGroup = 82B3C5C72E27BB81009FA651 /* Products */;
			projectDirPath = "";
			projectRoot = "";
			targets = (
				82B3C5C52E27BB81009FA651 /* VoiceAssistant */,
				82B3C5D22E27BB82009FA651 /* VoiceAssistantTests */,
				82B3C5DC2E27BB82009FA651 /* VoiceAssistantUITests */,
				82D5ADF32E27F8D000C273E8 /* VoiceAssistant Watch App Watch App */,
				82D5ADFF2E27F8D100C273E8 /* VoiceAssistant Watch App Watch AppTests */,
				82D5AE092E27F8D100C273E8 /* VoiceAssistant Watch App Watch AppUITests */,
			);
		};
/* End PBXProject section */

/* Begin PBXResourcesBuildPhase section */
		82B3C5C42E27BB81009FA651 /* Resources */ = {
			isa = PBXResourcesBuildPhase;
			buildActionMask = 2147483647;
			files = (
				82BDF1672E2A58980037E2E6 /* client_899362685715-eha0qo2dsre64sbiapvhrbomp1ep05e5.apps.googleusercontent.com.plist in Resources */,
			);
			runOnlyForDeploymentPostprocessing = 0;
		};
		82B3C5D12E27BB82009FA651 /* Resources */ = {
			isa = PBXResourcesBuildPhase;
			buildActionMask = 2147483647;
			files = (
			);
			runOnlyForDeploymentPostprocessing = 0;
		};
		82B3C5DB2E27BB82009FA651 /* Resources */ = {
			isa = PBXResourcesBuildPhase;
			buildActionMask = 2147483647;
			files = (
			);
			runOnlyForDeploymentPostprocessing = 0;
		};
		82D5ADF22E27F8D000C273E8 /* Resources */ = {
			isa = PBXResourcesBuildPhase;
			buildActionMask = 2147483647;
			files = (
				82BDF1682E2A58980037E2E6 /* client_899362685715-eha0qo2dsre64sbiapvhrbomp1ep05e5.apps.googleusercontent.com.plist in Resources */,
			);
			runOnlyForDeploymentPostprocessing = 0;
		};
		82D5ADFE2E27F8D100C273E8 /* Resources */ = {
			isa = PBXResourcesBuildPhase;
			buildActionMask = 2147483647;
			files = (
			);
			runOnlyForDeploymentPostprocessing = 0;
		};
		82D5AE082E27F8D100C273E8 /* Resources */ = {
			isa = PBXResourcesBuildPhase;
			buildActionMask = 2147483647;
			files = (
			);
			runOnlyForDeploymentPostprocessing = 0;
		};
/* End PBXResourcesBuildPhase section */

/* Begin PBXSourcesBuildPhase section */
		82B3C5C22E27BB81009FA651 /* Sources */ = {
			isa = PBXSourcesBuildPhase;
			buildActionMask = 2147483647;
			files = (
				82B3C63F2E27E8FF009FA651 /* SharedModels.swift in Sources */,
			);
			runOnlyForDeploymentPostprocessing = 0;
		};
		82B3C5CF2E27BB82009FA651 /* Sources */ = {
			isa = PBXSourcesBuildPhase;
			buildActionMask = 2147483647;
			files = (
			);
			runOnlyForDeploymentPostprocessing = 0;
		};
		82B3C5D92E27BB82009FA651 /* Sources */ = {
			isa = PBXSourcesBuildPhase;
			buildActionMask = 2147483647;
			files = (
			);
			runOnlyForDeploymentPostprocessing = 0;
		};
		82D5ADF02E27F8D000C273E8 /* Sources */ = {
			isa = PBXSourcesBuildPhase;
			buildActionMask = 2147483647;
			files = (
				82D5AE262E27FC4800C273E8 /* SharedModels.swift in Sources */,
			);
			runOnlyForDeploymentPostprocessing = 0;
		};
		82D5ADFC2E27F8D100C273E8 /* Sources */ = {
			isa = PBXSourcesBuildPhase;
			buildActionMask = 2147483647;
			files = (
			);
			runOnlyForDeploymentPostprocessing = 0;
		};
		82D5AE062E27F8D100C273E8 /* Sources */ = {
			isa = PBXSourcesBuildPhase;
			buildActionMask = 2147483647;
			files = (
			);
			runOnlyForDeploymentPostprocessing = 0;
		};
/* End PBXSourcesBuildPhase section */

/* Begin PBXTargetDependency section */
		82B3C5D52E27BB82009FA651 /* PBXTargetDependency */ = {
			isa = PBXTargetDependency;
			target = 82B3C5C52E27BB81009FA651 /* VoiceAssistant */;
			targetProxy = 82B3C5D42E27BB82009FA651 /* PBXContainerItemProxy */;
		};
		82B3C5DF2E27BB82009FA651 /* PBXTargetDependency */ = {
			isa = PBXTargetDependency;
			target = 82B3C5C52E27BB81009FA651 /* VoiceAssistant */;
			targetProxy = 82B3C5DE2E27BB82009FA651 /* PBXContainerItemProxy */;
		};
		82D5AE022E27F8D100C273E8 /* PBXTargetDependency */ = {
			isa = PBXTargetDependency;
			target = 82D5ADF32E27F8D000C273E8 /* VoiceAssistant Watch App Watch App */;
			targetProxy = 82D5AE012E27F8D100C273E8 /* PBXContainerItemProxy */;
		};
		82D5AE0C2E27F8D100C273E8 /* PBXTargetDependency */ = {
			isa = PBXTargetDependency;
			target = 82D5ADF32E27F8D000C273E8 /* VoiceAssistant Watch App Watch App */;
			targetProxy = 82D5AE0B2E27F8D100C273E8 /* PBXContainerItemProxy */;
		};
		82D5AE132E27F8D100C273E8 /* PBXTargetDependency */ = {
			isa = PBXTargetDependency;
			target = 82D5ADF32E27F8D000C273E8 /* VoiceAssistant Watch App Watch App */;
			targetProxy = 82D5AE122E27F8D100C273E8 /* PBXContainerItemProxy */;
		};
/* End PBXTargetDependency section */

/* Begin XCBuildConfiguration section */
		82B3C5E52E27BB82009FA651 /* Debug */ = {
			isa = XCBuildConfiguration;
			buildSettings = {
				ALWAYS_SEARCH_USER_PATHS = NO;
				ASSETCATALOG_COMPILER_GENERATE_SWIFT_ASSET_SYMBOL_EXTENSIONS = YES;
				CLANG_ANALYZER_NONNULL = YES;
				CLANG_ANALYZER_NUMBER_OBJECT_CONVERSION = YES_AGGRESSIVE;
				CLANG_CXX_LANGUAGE_STANDARD = "gnu++20";
				CLANG_ENABLE_MODULES = YES;
				CLANG_ENABLE_OBJC_ARC = YES;
				CLANG_ENABLE_OBJC_WEAK = YES;
				CLANG_WARN_BLOCK_CAPTURE_AUTORELEASING = YES;
				CLANG_WARN_BOOL_CONVERSION = YES;
				CLANG_WARN_COMMA = YES;
				CLANG_WARN_CONSTANT_CONVERSION = YES;
				CLANG_WARN_DEPRECATED_OBJC_IMPLEMENTATIONS = YES;
				CLANG_WARN_DIRECT_OBJC_ISA_USAGE = YES_ERROR;
				CLANG_WARN_DOCUMENTATION_COMMENTS = YES;
				CLANG_WARN_EMPTY_BODY = YES;
				CLANG_WARN_ENUM_CONVERSION = YES;
				CLANG_WARN_INFINITE_RECURSION = YES;
				CLANG_WARN_INT_CONVERSION = YES;
				CLANG_WARN_NON_LITERAL_NULL_CONVERSION = YES;
				CLANG_WARN_OBJC_IMPLICIT_RETAIN_SELF = YES;
				CLANG_WARN_OBJC_LITERAL_CONVERSION = YES;
				CLANG_WARN_OBJC_ROOT_CLASS = YES_ERROR;
				CLANG_WARN_QUOTED_INCLUDE_IN_FRAMEWORK_HEADER = YES;
				CLANG_WARN_RANGE_LOOP_ANALYSIS = YES;
				CLANG_WARN_STRICT_PROTOTYPES = YES;
				CLANG_WARN_SUSPICIOUS_MOVE = YES;
				CLANG_WARN_UNGUARDED_AVAILABILITY = YES_AGGRESSIVE;
				CLANG_WARN_UNREACHABLE_CODE = YES;
				CLANG_WARN__DUPLICATE_METHOD_MATCH = YES;
				COPY_PHASE_STRIP = NO;
				DEBUG_INFORMATION_FORMAT = dwarf;
				DEVELOPMENT_TEAM = D5U5A99XNP;
				ENABLE_STRICT_OBJC_MSGSEND = YES;
				ENABLE_TESTABILITY = YES;
				ENABLE_USER_SCRIPT_SANDBOXING = YES;
				GCC_C_LANGUAGE_STANDARD = gnu17;
				GCC_DYNAMIC_NO_PIC = NO;
				GCC_NO_COMMON_BLOCKS = YES;
				GCC_OPTIMIZATION_LEVEL = 0;
				GCC_PREPROCESSOR_DEFINITIONS = (
					"DEBUG=1",
					"$(inherited)",
				);
				GCC_WARN_64_TO_32_BIT_CONVERSION = YES;
				GCC_WARN_ABOUT_RETURN_TYPE = YES_ERROR;
				GCC_WARN_UNDECLARED_SELECTOR = YES;
				GCC_WARN_UNINITIALIZED_AUTOS = YES_AGGRESSIVE;
				GCC_WARN_UNUSED_FUNCTION = YES;
				GCC_WARN_UNUSED_VARIABLE = YES;
				IPHONEOS_DEPLOYMENT_TARGET = 18.5;
				LOCALIZATION_PREFERS_STRING_CATALOGS = YES;
				MTL_ENABLE_DEBUG_INFO = INCLUDE_SOURCE;
				MTL_FAST_MATH = YES;
				ONLY_ACTIVE_ARCH = YES;
				SDKROOT = iphoneos;
				SWIFT_ACTIVE_COMPILATION_CONDITIONS = "DEBUG $(inherited)";
				SWIFT_OPTIMIZATION_LEVEL = "-Onone";
			};
			name = Debug;
		};
		82B3C5E62E27BB82009FA651 /* Release */ = {
			isa = XCBuildConfiguration;
			buildSettings = {
				ALWAYS_SEARCH_USER_PATHS = NO;
				ASSETCATALOG_COMPILER_GENERATE_SWIFT_ASSET_SYMBOL_EXTENSIONS = YES;
				CLANG_ANALYZER_NONNULL = YES;
				CLANG_ANALYZER_NUMBER_OBJECT_CONVERSION = YES_AGGRESSIVE;
				CLANG_CXX_LANGUAGE_STANDARD = "gnu++20";
				CLANG_ENABLE_MODULES = YES;
				CLANG_ENABLE_OBJC_ARC = YES;
				CLANG_ENABLE_OBJC_WEAK = YES;
				CLANG_WARN_BLOCK_CAPTURE_AUTORELEASING = YES;
				CLANG_WARN_BOOL_CONVERSION = YES;
				CLANG_WARN_COMMA = YES;
				CLANG_WARN_CONSTANT_CONVERSION = YES;
				CLANG_WARN_DEPRECATED_OBJC_IMPLEMENTATIONS = YES;
				CLANG_WARN_DIRECT_OBJC_ISA_USAGE = YES_ERROR;
				CLANG_WARN_DOCUMENTATION_COMMENTS = YES;
				CLANG_WARN_EMPTY_BODY = YES;
				CLANG_WARN_ENUM_CONVERSION = YES;
				CLANG_WARN_INFINITE_RECURSION = YES;
				CLANG_WARN_INT_CONVERSION = YES;
				CLANG_WARN_NON_LITERAL_NULL_CONVERSION = YES;
				CLANG_WARN_OBJC_IMPLICIT_RETAIN_SELF = YES;
				CLANG_WARN_OBJC_LITERAL_CONVERSION = YES;
				CLANG_WARN_OBJC_ROOT_CLASS = YES_ERROR;
				CLANG_WARN_QUOTED_INCLUDE_IN_FRAMEWORK_HEADER = YES;
				CLANG_WARN_RANGE_LOOP_ANALYSIS = YES;
				CLANG_WARN_STRICT_PROTOTYPES = YES;
				CLANG_WARN_SUSPICIOUS_MOVE = YES;
				CLANG_WARN_UNGUARDED_AVAILABILITY = YES_AGGRESSIVE;
				CLANG_WARN_UNREACHABLE_CODE = YES;
				CLANG_WARN__DUPLICATE_METHOD_MATCH = YES;
				COPY_PHASE_STRIP = NO;
				DEBUG_INFORMATION_FORMAT = "dwarf-with-dsym";
				DEVELOPMENT_TEAM = D5U5A99XNP;
				ENABLE_NS_ASSERTIONS = NO;
				ENABLE_STRICT_OBJC_MSGSEND = YES;
				ENABLE_USER_SCRIPT_SANDBOXING = YES;
				GCC_C_LANGUAGE_STANDARD = gnu17;
				GCC_NO_COMMON_BLOCKS = YES;
				GCC_WARN_64_TO_32_BIT_CONVERSION = YES;
				GCC_WARN_ABOUT_RETURN_TYPE = YES_ERROR;
				GCC_WARN_UNDECLARED_SELECTOR = YES;
				GCC_WARN_UNINITIALIZED_AUTOS = YES_AGGRESSIVE;
				GCC_WARN_UNUSED_FUNCTION = YES;
				GCC_WARN_UNUSED_VARIABLE = YES;
				IPHONEOS_DEPLOYMENT_TARGET = 18.5;
				LOCALIZATION_PREFERS_STRING_CATALOGS = YES;
				MTL_ENABLE_DEBUG_INFO = NO;
				MTL_FAST_MATH = YES;
				SDKROOT = iphoneos;
				SWIFT_COMPILATION_MODE = wholemodule;
				VALIDATE_PRODUCT = YES;
			};
			name = Release;
		};
		82B3C5E82E27BB82009FA651 /* Debug */ = {
			isa = XCBuildConfiguration;
			buildSettings = {
				ASSETCATALOG_COMPILER_APPICON_NAME = AppIcon;
				ASSETCATALOG_COMPILER_GLOBAL_ACCENT_COLOR_NAME = AccentColor;
				CODE_SIGN_ENTITLEMENTS = VoiceAssistant/VoiceAssistant.entitlements;
				CODE_SIGN_IDENTITY = "Apple Development";
				CODE_SIGN_STYLE = Automatic;
				CURRENT_PROJECT_VERSION = 1;
				DEVELOPMENT_TEAM = D5U5A99XNP;
				ENABLE_PREVIEWS = YES;
				GENERATE_INFOPLIST_FILE = YES;
				INFOPLIST_FILE = VoiceAssistant/Info.plist;
				INFOPLIST_KEY_UIApplicationSceneManifest_Generation = YES;
				INFOPLIST_KEY_UIApplicationSupportsIndirectInputEvents = YES;
				INFOPLIST_KEY_UILaunchScreen_Generation = YES;
				INFOPLIST_KEY_UISupportedInterfaceOrientations_iPad = "UIInterfaceOrientationPortrait UIInterfaceOrientationPortraitUpsideDown UIInterfaceOrientationLandscapeLeft UIInterfaceOrientationLandscapeRight";
				INFOPLIST_KEY_UISupportedInterfaceOrientations_iPhone = "UIInterfaceOrientationPortrait UIInterfaceOrientationLandscapeLeft UIInterfaceOrientationLandscapeRight";
				LD_RUNPATH_SEARCH_PATHS = (
					"$(inherited)",
					"@executable_path/Frameworks",
				);
				MARKETING_VERSION = 1.0;
				PRODUCT_BUNDLE_IDENTIFIER = com.amitstoerkel.VoiceAssistant;
				PRODUCT_NAME = "$(TARGET_NAME)";
				PROVISIONING_PROFILE_SPECIFIER = "";
				SWIFT_EMIT_LOC_STRINGS = YES;
				SWIFT_VERSION = 5.0;
				TARGETED_DEVICE_FAMILY = "1,2";
			};
			name = Debug;
		};
		82B3C5E92E27BB82009FA651 /* Release */ = {
			isa = XCBuildConfiguration;
			buildSettings = {
				ASSETCATALOG_COMPILER_APPICON_NAME = AppIcon;
				ASSETCATALOG_COMPILER_GLOBAL_ACCENT_COLOR_NAME = AccentColor;
				CODE_SIGN_ENTITLEMENTS = VoiceAssistant/VoiceAssistant.entitlements;
				CODE_SIGN_IDENTITY = "Apple Development";
				CODE_SIGN_STYLE = Automatic;
				CURRENT_PROJECT_VERSION = 1;
				DEVELOPMENT_TEAM = D5U5A99XNP;
				ENABLE_PREVIEWS = YES;
				GENERATE_INFOPLIST_FILE = YES;
				INFOPLIST_FILE = VoiceAssistant/Info.plist;
				INFOPLIST_KEY_UIApplicationSceneManifest_Generation = YES;
				INFOPLIST_KEY_UIApplicationSupportsIndirectInputEvents = YES;
				INFOPLIST_KEY_UILaunchScreen_Generation = YES;
				INFOPLIST_KEY_UISupportedInterfaceOrientations_iPad = "UIInterfaceOrientationPortrait UIInterfaceOrientationPortraitUpsideDown UIInterfaceOrientationLandscapeLeft UIInterfaceOrientationLandscapeRight";
				INFOPLIST_KEY_UISupportedInterfaceOrientations_iPhone = "UIInterfaceOrientationPortrait UIInterfaceOrientationLandscapeLeft UIInterfaceOrientationLandscapeRight";
				LD_RUNPATH_SEARCH_PATHS = (
					"$(inherited)",
					"@executable_path/Frameworks",
				);
				MARKETING_VERSION = 1.0;
				PRODUCT_BUNDLE_IDENTIFIER = com.amitstoerkel.VoiceAssistant;
				PRODUCT_NAME = "$(TARGET_NAME)";
				PROVISIONING_PROFILE_SPECIFIER = "";
				SWIFT_EMIT_LOC_STRINGS = YES;
				SWIFT_VERSION = 5.0;
				TARGETED_DEVICE_FAMILY = "1,2";
			};
			name = Release;
		};
		82B3C5EB2E27BB82009FA651 /* Debug */ = {
			isa = XCBuildConfiguration;
			buildSettings = {
				BUNDLE_LOADER = "$(TEST_HOST)";
				CODE_SIGN_STYLE = Automatic;
				CURRENT_PROJECT_VERSION = 1;
				DEVELOPMENT_TEAM = D5U5A99XNP;
				GENERATE_INFOPLIST_FILE = YES;
				IPHONEOS_DEPLOYMENT_TARGET = 18.5;
				MARKETING_VERSION = 1.0;
				PRODUCT_BUNDLE_IDENTIFIER = com.amitstoerkel.VoiceAssistantTests;
				PRODUCT_NAME = "$(TARGET_NAME)";
				SWIFT_EMIT_LOC_STRINGS = NO;
				SWIFT_VERSION = 5.0;
				TARGETED_DEVICE_FAMILY = "1,2";
				TEST_HOST = "$(BUILT_PRODUCTS_DIR)/VoiceAssistant.app/$(BUNDLE_EXECUTABLE_FOLDER_PATH)/VoiceAssistant";
			};
			name = Debug;
		};
		82B3C5EC2E27BB82009FA651 /* Release */ = {
			isa = XCBuildConfiguration;
			buildSettings = {
				BUNDLE_LOADER = "$(TEST_HOST)";
				CODE_SIGN_STYLE = Automatic;
				CURRENT_PROJECT_VERSION = 1;
				DEVELOPMENT_TEAM = D5U5A99XNP;
				GENERATE_INFOPLIST_FILE = YES;
				IPHONEOS_DEPLOYMENT_TARGET = 18.5;
				MARKETING_VERSION = 1.0;
				PRODUCT_BUNDLE_IDENTIFIER = com.amitstoerkel.VoiceAssistantTests;
				PRODUCT_NAME = "$(TARGET_NAME)";
				SWIFT_EMIT_LOC_STRINGS = NO;
				SWIFT_VERSION = 5.0;
				TARGETED_DEVICE_FAMILY = "1,2";
				TEST_HOST = "$(BUILT_PRODUCTS_DIR)/VoiceAssistant.app/$(BUNDLE_EXECUTABLE_FOLDER_PATH)/VoiceAssistant";
			};
			name = Release;
		};
		82B3C5EE2E27BB82009FA651 /* Debug */ = {
			isa = XCBuildConfiguration;
			buildSettings = {
				CODE_SIGN_STYLE = Automatic;
				CURRENT_PROJECT_VERSION = 1;
				DEVELOPMENT_TEAM = D5U5A99XNP;
				GENERATE_INFOPLIST_FILE = YES;
				MARKETING_VERSION = 1.0;
				PRODUCT_BUNDLE_IDENTIFIER = com.amitstoerkel.VoiceAssistantUITests;
				PRODUCT_NAME = "$(TARGET_NAME)";
				SWIFT_EMIT_LOC_STRINGS = NO;
				SWIFT_VERSION = 5.0;
				TARGETED_DEVICE_FAMILY = "1,2";
				TEST_TARGET_NAME = VoiceAssistant;
			};
			name = Debug;
		};
		82B3C5EF2E27BB82009FA651 /* Release */ = {
			isa = XCBuildConfiguration;
			buildSettings = {
				CODE_SIGN_STYLE = Automatic;
				CURRENT_PROJECT_VERSION = 1;
				DEVELOPMENT_TEAM = D5U5A99XNP;
				GENERATE_INFOPLIST_FILE = YES;
				MARKETING_VERSION = 1.0;
				PRODUCT_BUNDLE_IDENTIFIER = com.amitstoerkel.VoiceAssistantUITests;
				PRODUCT_NAME = "$(TARGET_NAME)";
				SWIFT_EMIT_LOC_STRINGS = NO;
				SWIFT_VERSION = 5.0;
				TARGETED_DEVICE_FAMILY = "1,2";
				TEST_TARGET_NAME = VoiceAssistant;
			};
			name = Release;
		};
		82D5AE162E27F8D100C273E8 /* Debug */ = {
			isa = XCBuildConfiguration;
			buildSettings = {
				ASSETCATALOG_COMPILER_APPICON_NAME = AppIcon;
				ASSETCATALOG_COMPILER_GLOBAL_ACCENT_COLOR_NAME = AccentColor;
				CODE_SIGN_STYLE = Automatic;
				CURRENT_PROJECT_VERSION = 1;
				DEVELOPMENT_TEAM = D5U5A99XNP;
				ENABLE_PREVIEWS = YES;
				GENERATE_INFOPLIST_FILE = YES;
				INFOPLIST_KEY_CFBundleDisplayName = "VoiceAssistant Watch App";
				INFOPLIST_KEY_GOOGLE_TTS_API_KEY = AIzaSyC1qfvgVaXJKz5bRK3V0HzLSXz9VlTiJ3I;
				INFOPLIST_KEY_NSMicrophoneUsageDescription = "Voice Assistant needs microphone access to record voice commands";
				INFOPLIST_KEY_NSSpeechRecognitionUsageDescription = "Voice Assistant needs speech recognition to convert your voice to text";
				INFOPLIST_KEY_UIBackgroundModes = audio;
				INFOPLIST_KEY_UISupportedInterfaceOrientations = "UIInterfaceOrientationPortrait UIInterfaceOrientationPortraitUpsideDown";
				INFOPLIST_KEY_WKCompanionAppBundleIdentifier = com.amitstoerkel.VoiceAssistant;
				LD_RUNPATH_SEARCH_PATHS = (
					"$(inherited)",
					"@executable_path/Frameworks",
				);
				MARKETING_VERSION = 1.0;
				PRODUCT_BUNDLE_IDENTIFIER = com.amitstoerkel.VoiceAssistant.watchkitapp;
				PRODUCT_NAME = "$(TARGET_NAME)";
				SDKROOT = watchos;
				SKIP_INSTALL = YES;
				SWIFT_EMIT_LOC_STRINGS = YES;
				SWIFT_VERSION = 5.0;
				TARGETED_DEVICE_FAMILY = 4;
				WATCHOS_DEPLOYMENT_TARGET = 11.5;
			};
			name = Debug;
		};
		82D5AE172E27F8D100C273E8 /* Release */ = {
			isa = XCBuildConfiguration;
			buildSettings = {
				ASSETCATALOG_COMPILER_APPICON_NAME = AppIcon;
				ASSETCATALOG_COMPILER_GLOBAL_ACCENT_COLOR_NAME = AccentColor;
				CODE_SIGN_STYLE = Automatic;
				CURRENT_PROJECT_VERSION = 1;
				DEVELOPMENT_TEAM = D5U5A99XNP;
				ENABLE_PREVIEWS = YES;
				GENERATE_INFOPLIST_FILE = YES;
				INFOPLIST_KEY_CFBundleDisplayName = "VoiceAssistant Watch App";
				INFOPLIST_KEY_GOOGLE_TTS_API_KEY = AIzaSyC1qfvgVaXJKz5bRK3V0HzLSXz9VlTiJ3I;
				INFOPLIST_KEY_NSMicrophoneUsageDescription = "Voice Assistant needs microphone access to record voice commands";
				INFOPLIST_KEY_NSSpeechRecognitionUsageDescription = "Voice Assistant needs speech recognition to convert your voice to text";
				INFOPLIST_KEY_UIBackgroundModes = audio;
				INFOPLIST_KEY_UISupportedInterfaceOrientations = "UIInterfaceOrientationPortrait UIInterfaceOrientationPortraitUpsideDown";
				INFOPLIST_KEY_WKCompanionAppBundleIdentifier = com.amitstoerkel.VoiceAssistant;
				LD_RUNPATH_SEARCH_PATHS = (
					"$(inherited)",
					"@executable_path/Frameworks",
				);
				MARKETING_VERSION = 1.0;
				PRODUCT_BUNDLE_IDENTIFIER = com.amitstoerkel.VoiceAssistant.watchkitapp;
				PRODUCT_NAME = "$(TARGET_NAME)";
				SDKROOT = watchos;
				SKIP_INSTALL = YES;
				SWIFT_EMIT_LOC_STRINGS = YES;
				SWIFT_VERSION = 5.0;
				TARGETED_DEVICE_FAMILY = 4;
				WATCHOS_DEPLOYMENT_TARGET = 11.5;
			};
			name = Release;
		};
		82D5AE182E27F8D100C273E8 /* Debug */ = {
			isa = XCBuildConfiguration;
			buildSettings = {
				BUNDLE_LOADER = "$(TEST_HOST)";
				CODE_SIGN_STYLE = Automatic;
				CURRENT_PROJECT_VERSION = 1;
				DEVELOPMENT_TEAM = D5U5A99XNP;
				GENERATE_INFOPLIST_FILE = YES;
				MARKETING_VERSION = 1.0;
				PRODUCT_BUNDLE_IDENTIFIER = "com.amitstoerkel.VoiceAssistant-Watch-App-Watch-AppTests";
				PRODUCT_NAME = "$(TARGET_NAME)";
				SDKROOT = watchos;
				SWIFT_EMIT_LOC_STRINGS = NO;
				SWIFT_VERSION = 5.0;
				TARGETED_DEVICE_FAMILY = 4;
				TEST_HOST = "$(BUILT_PRODUCTS_DIR)/VoiceAssistant Watch App Watch App.app/$(BUNDLE_EXECUTABLE_FOLDER_PATH)/VoiceAssistant Watch App Watch App";
				WATCHOS_DEPLOYMENT_TARGET = 11.5;
			};
			name = Debug;
		};
		82D5AE192E27F8D100C273E8 /* Release */ = {
			isa = XCBuildConfiguration;
			buildSettings = {
				BUNDLE_LOADER = "$(TEST_HOST)";
				CODE_SIGN_STYLE = Automatic;
				CURRENT_PROJECT_VERSION = 1;
				DEVELOPMENT_TEAM = D5U5A99XNP;
				GENERATE_INFOPLIST_FILE = YES;
				MARKETING_VERSION = 1.0;
				PRODUCT_BUNDLE_IDENTIFIER = "com.amitstoerkel.VoiceAssistant-Watch-App-Watch-AppTests";
				PRODUCT_NAME = "$(TARGET_NAME)";
				SDKROOT = watchos;
				SWIFT_EMIT_LOC_STRINGS = NO;
				SWIFT_VERSION = 5.0;
				TARGETED_DEVICE_FAMILY = 4;
				TEST_HOST = "$(BUILT_PRODUCTS_DIR)/VoiceAssistant Watch App Watch App.app/$(BUNDLE_EXECUTABLE_FOLDER_PATH)/VoiceAssistant Watch App Watch App";
				WATCHOS_DEPLOYMENT_TARGET = 11.5;
			};
			name = Release;
		};
		82D5AE1A2E27F8D100C273E8 /* Debug */ = {
			isa = XCBuildConfiguration;
			buildSettings = {
				CODE_SIGN_STYLE = Automatic;
				CURRENT_PROJECT_VERSION = 1;
				DEVELOPMENT_TEAM = D5U5A99XNP;
				GENERATE_INFOPLIST_FILE = YES;
				MARKETING_VERSION = 1.0;
				PRODUCT_BUNDLE_IDENTIFIER = "com.amitstoerkel.VoiceAssistant-Watch-App-Watch-AppUITests";
				PRODUCT_NAME = "$(TARGET_NAME)";
				SDKROOT = watchos;
				SWIFT_EMIT_LOC_STRINGS = NO;
				SWIFT_VERSION = 5.0;
				TARGETED_DEVICE_FAMILY = 4;
				TEST_TARGET_NAME = "VoiceAssistant Watch App Watch App";
				WATCHOS_DEPLOYMENT_TARGET = 11.5;
			};
			name = Debug;
		};
		82D5AE1B2E27F8D100C273E8 /* Release */ = {
			isa = XCBuildConfiguration;
			buildSettings = {
				CODE_SIGN_STYLE = Automatic;
				CURRENT_PROJECT_VERSION = 1;
				DEVELOPMENT_TEAM = D5U5A99XNP;
				GENERATE_INFOPLIST_FILE = YES;
				MARKETING_VERSION = 1.0;
				PRODUCT_BUNDLE_IDENTIFIER = "com.amitstoerkel.VoiceAssistant-Watch-App-Watch-AppUITests";
				PRODUCT_NAME = "$(TARGET_NAME)";
				SDKROOT = watchos;
				SWIFT_EMIT_LOC_STRINGS = NO;
				SWIFT_VERSION = 5.0;
				TARGETED_DEVICE_FAMILY = 4;
				TEST_TARGET_NAME = "VoiceAssistant Watch App Watch App";
				WATCHOS_DEPLOYMENT_TARGET = 11.5;
			};
			name = Release;
		};
/* End XCBuildConfiguration section */

/* Begin XCConfigurationList section */
		82B3C5C12E27BB81009FA651 /* Build configuration list for PBXProject "VoiceAssistant" */ = {
			isa = XCConfigurationList;
			buildConfigurations = (
				82B3C5E52E27BB82009FA651 /* Debug */,
				82B3C5E62E27BB82009FA651 /* Release */,
			);
			defaultConfigurationIsVisible = 0;
			defaultConfigurationName = Release;
		};
		82B3C5E72E27BB82009FA651 /* Build configuration list for PBXNativeTarget "VoiceAssistant" */ = {
			isa = XCConfigurationList;
			buildConfigurations = (
				82B3C5E82E27BB82009FA651 /* Debug */,
				82B3C5E92E27BB82009FA651 /* Release */,
			);
			defaultConfigurationIsVisible = 0;
			defaultConfigurationName = Release;
		};
		82B3C5EA2E27BB82009FA651 /* Build configuration list for PBXNativeTarget "VoiceAssistantTests" */ = {
			isa = XCConfigurationList;
			buildConfigurations = (
				82B3C5EB2E27BB82009FA651 /* Debug */,
				82B3C5EC2E27BB82009FA651 /* Release */,
			);
			defaultConfigurationIsVisible = 0;
			defaultConfigurationName = Release;
		};
		82B3C5ED2E27BB82009FA651 /* Build configuration list for PBXNativeTarget "VoiceAssistantUITests" */ = {
			isa = XCConfigurationList;
			buildConfigurations = (
				82B3C5EE2E27BB82009FA651 /* Debug */,
				82B3C5EF2E27BB82009FA651 /* Release */,
			);
			defaultConfigurationIsVisible = 0;
			defaultConfigurationName = Release;
		};
		82D5AE1C2E27F8D100C273E8 /* Build configuration list for PBXNativeTarget "VoiceAssistant Watch App Watch App" */ = {
			isa = XCConfigurationList;
			buildConfigurations = (
				82D5AE162E27F8D100C273E8 /* Debug */,
				82D5AE172E27F8D100C273E8 /* Release */,
			);
			defaultConfigurationIsVisible = 0;
			defaultConfigurationName = Release;
		};
		82D5AE1D2E27F8D100C273E8 /* Build configuration list for PBXNativeTarget "VoiceAssistant Watch App Watch AppTests" */ = {
			isa = XCConfigurationList;
			buildConfigurations = (
				82D5AE182E27F8D100C273E8 /* Debug */,
				82D5AE192E27F8D100C273E8 /* Release */,
			);
			defaultConfigurationIsVisible = 0;
			defaultConfigurationName = Release;
		};
		82D5AE1E2E27F8D100C273E8 /* Build configuration list for PBXNativeTarget "VoiceAssistant Watch App Watch AppUITests" */ = {
			isa = XCConfigurationList;
			buildConfigurations = (
				82D5AE1A2E27F8D100C273E8 /* Debug */,
				82D5AE1B2E27F8D100C273E8 /* Release */,
			);
			defaultConfigurationIsVisible = 0;
			defaultConfigurationName = Release;
		};
/* End XCConfigurationList section */
	};
	rootObject = 82B3C5BE2E27BB81009FA651 /* Project object */;
}
